// !$*UTF8*$!
{
	archiveVersion = 1;
	classes = {
	};
	objectVersion = 46;
	objects = {

/* Begin PBXBuildFile section */
		2D02BC8B1F3DAA820045AE7B /* AppDelegate.swift in Sources */ = {isa = PBXBuildFile; fileRef = 2D02BC8A1F3DAA820045AE7B /* AppDelegate.swift */; };
		2D02BC921F3DAA820045AE7B /* Assets.xcassets in Resources */ = {isa = PBXBuildFile; fileRef = 2D02BC911F3DAA820045AE7B /* Assets.xcassets */; };
		2D02BCA01F3DAA820045AE7B /* iOS__Tests.swift in Sources */ = {isa = PBXBuildFile; fileRef = 2D02BC9F1F3DAA820045AE7B /* iOS__Tests.swift */; };
		2D02BCAB1F3DAA820045AE7B /* iOS__UITests.swift in Sources */ = {isa = PBXBuildFile; fileRef = 2D02BCAA1F3DAA820045AE7B /* iOS__UITests.swift */; };
		2D02BCC31F3DB55E0045AE7B /* WBMainViewController.swift in Sources */ = {isa = PBXBuildFile; fileRef = 2D02BCC21F3DB55E0045AE7B /* WBMainViewController.swift */; };
		2D02BCC51F3DB5B30045AE7B /* WBNavigationController.swift in Sources */ = {isa = PBXBuildFile; fileRef = 2D02BCC41F3DB5B30045AE7B /* WBNavigationController.swift */; };
		2D02BCC91F3DB6D60045AE7B /* WBBaseViewController.swift in Sources */ = {isa = PBXBuildFile; fileRef = 2D02BCC81F3DB6D60045AE7B /* WBBaseViewController.swift */; };
		2D02BCCB1F3DB7440045AE7B /* WBHomeViewController.swift in Sources */ = {isa = PBXBuildFile; fileRef = 2D02BCCA1F3DB7440045AE7B /* WBHomeViewController.swift */; };
		2D02BCCD1F3DB77E0045AE7B /* WBMessageViewController.swift in Sources */ = {isa = PBXBuildFile; fileRef = 2D02BCCC1F3DB77E0045AE7B /* WBMessageViewController.swift */; };
		2D02BCCF1F3DB7900045AE7B /* WBDiscoverViewController.swift in Sources */ = {isa = PBXBuildFile; fileRef = 2D02BCCE1F3DB7900045AE7B /* WBDiscoverViewController.swift */; };
		2D02BCD11F3DB7AA0045AE7B /* WBProfileViewController.swift in Sources */ = {isa = PBXBuildFile; fileRef = 2D02BCD01F3DB7AA0045AE7B /* WBProfileViewController.swift */; };
		2D14501A1F5E69B500BF17F1 /* WBTiltebutton.swift in Sources */ = {isa = PBXBuildFile; fileRef = 2D1450191F5E69B500BF17F1 /* WBTiltebutton.swift */; };
		2D1B50DC1F473160008C5362 /* WBNetworkMenage+Extensions.swift in Sources */ = {isa = PBXBuildFile; fileRef = 2D1B50DB1F47315F008C5362 /* WBNetworkMenage+Extensions.swift */; };
		2D23FE3F1F5EE6D600CD7922 /* WBStatusCell.swift in Sources */ = {isa = PBXBuildFile; fileRef = 2D23FE3E1F5EE6D600CD7922 /* WBStatusCell.swift */; };
		2D23FE411F5EE6E800CD7922 /* WBStatusCell.xib in Resources */ = {isa = PBXBuildFile; fileRef = 2D23FE401F5EE6E800CD7922 /* WBStatusCell.xib */; };
		2D28687A1F55C7EE005B17C2 /* WBUseracount.swift in Sources */ = {isa = PBXBuildFile; fileRef = 2D2868791F55C7EE005B17C2 /* WBUseracount.swift */; };
		2D2AC3691F55607D00A3D60E /* WeiBoCommon.swift in Sources */ = {isa = PBXBuildFile; fileRef = 2D2AC3681F55607D00A3D60E /* WeiBoCommon.swift */; };
		2D2AC36C1F55643E00A3D60E /* WBOAuthViewController.swift in Sources */ = {isa = PBXBuildFile; fileRef = 2D2AC36B1F55643E00A3D60E /* WBOAuthViewController.swift */; };
		2D422A271F41A630004FA1A9 /* WBDemoViewController.swift in Sources */ = {isa = PBXBuildFile; fileRef = 2D422A261F41A630004FA1A9 /* WBDemoViewController.swift */; };
		2D422A291F41D47F004FA1A9 /* UIBarButton+Extensions.swift in Sources */ = {isa = PBXBuildFile; fileRef = 2D422A281F41D47F004FA1A9 /* UIBarButton+Extensions.swift */; };
		2D4278231F3F6D8B0080A9F3 /* Bundle+Extensions.swift in Sources */ = {isa = PBXBuildFile; fileRef = 2D4278221F3F6D8B0080A9F3 /* Bundle+Extensions.swift */; };
		2D42FAE31F4322B7000E4239 /* WBVisitorVIew.swift in Sources */ = {isa = PBXBuildFile; fileRef = 2D42FAE21F4322B7000E4239 /* WBVisitorVIew.swift */; };
		2D42FAE51F432553000E4239 /* UIimage+UIButton+Extensions.swift in Sources */ = {isa = PBXBuildFile; fileRef = 2D42FAE41F432553000E4239 /* UIimage+UIButton+Extensions.swift */; };
		2D4437521F449941008B5A8D /* locat.json in Resources */ = {isa = PBXBuildFile; fileRef = 2D4437511F449941008B5A8D /* locat.json */; };
		2D4437541F449C5D008B5A8D /* newarray.json in Resources */ = {isa = PBXBuildFile; fileRef = 2D4437531F449C5D008B5A8D /* newarray.json */; };
		2D4437561F44AFA9008B5A8D /* myarray.json in Resources */ = {isa = PBXBuildFile; fileRef = 2D4437551F44AFA9008B5A8D /* myarray.json */; };
		2D4F697D1F408A01007A6869 /* tabbar_compose_button@2x.png in Resources */ = {isa = PBXBuildFile; fileRef = 2D4F697B1F408A01007A6869 /* tabbar_compose_button@2x.png */; };
		2D4F697E1F408A01007A6869 /* tabbar_compose_button@3x.png in Resources */ = {isa = PBXBuildFile; fileRef = 2D4F697C1F408A01007A6869 /* tabbar_compose_button@3x.png */; };
		2D8B58241F45F75000E2371F /* WBNetworkMenage.swift in Sources */ = {isa = PBXBuildFile; fileRef = 2D8B58231F45F75000E2371F /* WBNetworkMenage.swift */; };
		2D9B774D1F5FB9A0007E2657 /* WBUser.swift in Sources */ = {isa = PBXBuildFile; fileRef = 2D9B774C1F5FB9A0007E2657 /* WBUser.swift */; };
		2D9B774F1F5FBDF1007E2657 /* WBstatuViewModel.swift in Sources */ = {isa = PBXBuildFile; fileRef = 2D9B774E1F5FBDF1007E2657 /* WBstatuViewModel.swift */; };
		2DA67FEB1F60065B00DC5221 /* UIImageView+webimage.swift in Sources */ = {isa = PBXBuildFile; fileRef = 2DA67FEA1F60065B00DC5221 /* UIImageView+webimage.swift */; };
		2DA67FED1F60165D00DC5221 /* WBStatusToolBar.swift in Sources */ = {isa = PBXBuildFile; fileRef = 2DA67FEC1F60165D00DC5221 /* WBStatusToolBar.swift */; };
		2DB3893B1F49E1EE00088408 /* WBstutas.swift in Sources */ = {isa = PBXBuildFile; fileRef = 2DB3893A1F49E1EE00088408 /* WBstutas.swift */; };
		2DB3893E1F49E9D300088408 /* WBstatuListViewModel.swift in Sources */ = {isa = PBXBuildFile; fileRef = 2DB3893D1F49E9D300088408 /* WBstatuListViewModel.swift */; };
		2DC31B831F60375D006032ED /* WBStatusPicture.swift in Sources */ = {isa = PBXBuildFile; fileRef = 2DC31B821F60375D006032ED /* WBStatusPicture.swift */; };
		2DC31B871F604A52006032ED /* WBPicture.swift in Sources */ = {isa = PBXBuildFile; fileRef = 2DC31B861F604A52006032ED /* WBPicture.swift */; };
		4B279808FAC47FDED39B3D7C /* Pods_iOS__.framework in Frameworks */ = {isa = PBXBuildFile; fileRef = 3F9A8A235567502CB2039D74 /* Pods_iOS__.framework */; };
/* End PBXBuildFile section */

/* Begin PBXContainerItemProxy section */
		2D02BC9C1F3DAA820045AE7B /* PBXContainerItemProxy */ = {
			isa = PBXContainerItemProxy;
			containerPortal = 2D02BC7F1F3DAA820045AE7B /* Project object */;
			proxyType = 1;
			remoteGlobalIDString = 2D02BC861F3DAA820045AE7B;
			remoteInfo = "iOS微博";
		};
		2D02BCA71F3DAA820045AE7B /* PBXContainerItemProxy */ = {
			isa = PBXContainerItemProxy;
			containerPortal = 2D02BC7F1F3DAA820045AE7B /* Project object */;
			proxyType = 1;
			remoteGlobalIDString = 2D02BC861F3DAA820045AE7B;
			remoteInfo = "iOS微博";
		};
/* End PBXContainerItemProxy section */

/* Begin PBXFileReference section */
		2D02BC871F3DAA820045AE7B /* iOS微博.app */ = {isa = PBXFileReference; explicitFileType = wrapper.application; includeInIndex = 0; path = "iOS微博.app"; sourceTree = BUILT_PRODUCTS_DIR; };
		2D02BC8A1F3DAA820045AE7B /* AppDelegate.swift */ = {isa = PBXFileReference; lastKnownFileType = sourcecode.swift; path = AppDelegate.swift; sourceTree = "<group>"; };
		2D02BC911F3DAA820045AE7B /* Assets.xcassets */ = {isa = PBXFileReference; lastKnownFileType = folder.assetcatalog; path = Assets.xcassets; sourceTree = "<group>"; };
		2D02BC961F3DAA820045AE7B /* Info.plist */ = {isa = PBXFileReference; lastKnownFileType = text.plist.xml; path = Info.plist; sourceTree = "<group>"; };
		2D02BC9B1F3DAA820045AE7B /* iOS微博Tests.xctest */ = {isa = PBXFileReference; explicitFileType = wrapper.cfbundle; includeInIndex = 0; path = "iOS微博Tests.xctest"; sourceTree = BUILT_PRODUCTS_DIR; };
		2D02BC9F1F3DAA820045AE7B /* iOS__Tests.swift */ = {isa = PBXFileReference; lastKnownFileType = sourcecode.swift; path = iOS__Tests.swift; sourceTree = "<group>"; };
		2D02BCA11F3DAA820045AE7B /* Info.plist */ = {isa = PBXFileReference; lastKnownFileType = text.plist.xml; path = Info.plist; sourceTree = "<group>"; };
		2D02BCA61F3DAA820045AE7B /* iOS微博UITests.xctest */ = {isa = PBXFileReference; explicitFileType = wrapper.cfbundle; includeInIndex = 0; path = "iOS微博UITests.xctest"; sourceTree = BUILT_PRODUCTS_DIR; };
		2D02BCAA1F3DAA820045AE7B /* iOS__UITests.swift */ = {isa = PBXFileReference; lastKnownFileType = sourcecode.swift; path = iOS__UITests.swift; sourceTree = "<group>"; };
		2D02BCAC1F3DAA820045AE7B /* Info.plist */ = {isa = PBXFileReference; lastKnownFileType = text.plist.xml; path = Info.plist; sourceTree = "<group>"; };
		2D02BCC21F3DB55E0045AE7B /* WBMainViewController.swift */ = {isa = PBXFileReference; fileEncoding = 4; lastKnownFileType = sourcecode.swift; path = WBMainViewController.swift; sourceTree = "<group>"; };
		2D02BCC41F3DB5B30045AE7B /* WBNavigationController.swift */ = {isa = PBXFileReference; fileEncoding = 4; lastKnownFileType = sourcecode.swift; path = WBNavigationController.swift; sourceTree = "<group>"; };
		2D02BCC81F3DB6D60045AE7B /* WBBaseViewController.swift */ = {isa = PBXFileReference; fileEncoding = 4; lastKnownFileType = sourcecode.swift; path = WBBaseViewController.swift; sourceTree = "<group>"; };
		2D02BCCA1F3DB7440045AE7B /* WBHomeViewController.swift */ = {isa = PBXFileReference; fileEncoding = 4; lastKnownFileType = sourcecode.swift; path = WBHomeViewController.swift; sourceTree = "<group>"; };
		2D02BCCC1F3DB77E0045AE7B /* WBMessageViewController.swift */ = {isa = PBXFileReference; fileEncoding = 4; lastKnownFileType = sourcecode.swift; path = WBMessageViewController.swift; sourceTree = "<group>"; };
		2D02BCCE1F3DB7900045AE7B /* WBDiscoverViewController.swift */ = {isa = PBXFileReference; fileEncoding = 4; lastKnownFileType = sourcecode.swift; path = WBDiscoverViewController.swift; sourceTree = "<group>"; };
		2D02BCD01F3DB7AA0045AE7B /* WBProfileViewController.swift */ = {isa = PBXFileReference; fileEncoding = 4; lastKnownFileType = sourcecode.swift; path = WBProfileViewController.swift; sourceTree = "<group>"; };
		2D1450191F5E69B500BF17F1 /* WBTiltebutton.swift */ = {isa = PBXFileReference; fileEncoding = 4; lastKnownFileType = sourcecode.swift; path = WBTiltebutton.swift; sourceTree = "<group>"; };
		2D1B50DB1F47315F008C5362 /* WBNetworkMenage+Extensions.swift */ = {isa = PBXFileReference; fileEncoding = 4; lastKnownFileType = sourcecode.swift; path = "WBNetworkMenage+Extensions.swift"; sourceTree = "<group>"; };
		2D23FE3E1F5EE6D600CD7922 /* WBStatusCell.swift */ = {isa = PBXFileReference; fileEncoding = 4; lastKnownFileType = sourcecode.swift; path = WBStatusCell.swift; sourceTree = "<group>"; };
		2D23FE401F5EE6E800CD7922 /* WBStatusCell.xib */ = {isa = PBXFileReference; fileEncoding = 4; lastKnownFileType = file.xib; path = WBStatusCell.xib; sourceTree = "<group>"; };
		2D2868791F55C7EE005B17C2 /* WBUseracount.swift */ = {isa = PBXFileReference; fileEncoding = 4; lastKnownFileType = sourcecode.swift; path = WBUseracount.swift; sourceTree = "<group>"; };
		2D2AC3681F55607D00A3D60E /* WeiBoCommon.swift */ = {isa = PBXFileReference; fileEncoding = 4; lastKnownFileType = sourcecode.swift; path = WeiBoCommon.swift; sourceTree = "<group>"; };
		2D2AC36B1F55643E00A3D60E /* WBOAuthViewController.swift */ = {isa = PBXFileReference; fileEncoding = 4; lastKnownFileType = sourcecode.swift; path = WBOAuthViewController.swift; sourceTree = "<group>"; };
		2D422A261F41A630004FA1A9 /* WBDemoViewController.swift */ = {isa = PBXFileReference; fileEncoding = 4; lastKnownFileType = sourcecode.swift; path = WBDemoViewController.swift; sourceTree = "<group>"; };
		2D422A281F41D47F004FA1A9 /* UIBarButton+Extensions.swift */ = {isa = PBXFileReference; fileEncoding = 4; lastKnownFileType = sourcecode.swift; path = "UIBarButton+Extensions.swift"; sourceTree = "<group>"; };
		2D4278221F3F6D8B0080A9F3 /* Bundle+Extensions.swift */ = {isa = PBXFileReference; fileEncoding = 4; lastKnownFileType = sourcecode.swift; path = "Bundle+Extensions.swift"; sourceTree = "<group>"; };
		2D42FAE21F4322B7000E4239 /* WBVisitorVIew.swift */ = {isa = PBXFileReference; fileEncoding = 4; lastKnownFileType = sourcecode.swift; path = WBVisitorVIew.swift; sourceTree = "<group>"; };
		2D42FAE41F432553000E4239 /* UIimage+UIButton+Extensions.swift */ = {isa = PBXFileReference; fileEncoding = 4; lastKnownFileType = sourcecode.swift; path = "UIimage+UIButton+Extensions.swift"; sourceTree = "<group>"; };
		2D4437511F449941008B5A8D /* locat.json */ = {isa = PBXFileReference; fileEncoding = 4; lastKnownFileType = text.json; name = locat.json; path = VisitorView/locat.json; sourceTree = "<group>"; };
		2D4437531F449C5D008B5A8D /* newarray.json */ = {isa = PBXFileReference; fileEncoding = 4; lastKnownFileType = text.json; name = newarray.json; path = ../newarray.json; sourceTree = "<group>"; };
		2D4437551F44AFA9008B5A8D /* myarray.json */ = {isa = PBXFileReference; fileEncoding = 4; lastKnownFileType = text.json; path = myarray.json; sourceTree = "<group>"; };
		2D4F697B1F408A01007A6869 /* tabbar_compose_button@2x.png */ = {isa = PBXFileReference; lastKnownFileType = image.png; name = "tabbar_compose_button@2x.png"; path = "iOS微博/Assets.xcassets/TabBar/tabbar_compose_button.imageset/tabbar_compose_button@2x.png"; sourceTree = "<group>"; };
		2D4F697C1F408A01007A6869 /* tabbar_compose_button@3x.png */ = {isa = PBXFileReference; lastKnownFileType = image.png; name = "tabbar_compose_button@3x.png"; path = "iOS微博/Assets.xcassets/TabBar/tabbar_compose_button.imageset/tabbar_compose_button@3x.png"; sourceTree = "<group>"; };
		2D8B58231F45F75000E2371F /* WBNetworkMenage.swift */ = {isa = PBXFileReference; fileEncoding = 4; lastKnownFileType = sourcecode.swift; path = WBNetworkMenage.swift; sourceTree = "<group>"; };
		2D9B774C1F5FB9A0007E2657 /* WBUser.swift */ = {isa = PBXFileReference; fileEncoding = 4; lastKnownFileType = sourcecode.swift; path = WBUser.swift; sourceTree = "<group>"; };
		2D9B774E1F5FBDF1007E2657 /* WBstatuViewModel.swift */ = {isa = PBXFileReference; fileEncoding = 4; lastKnownFileType = sourcecode.swift; path = WBstatuViewModel.swift; sourceTree = "<group>"; };
		2DA67FEA1F60065B00DC5221 /* UIImageView+webimage.swift */ = {isa = PBXFileReference; fileEncoding = 4; lastKnownFileType = sourcecode.swift; path = "UIImageView+webimage.swift"; sourceTree = "<group>"; };
		2DA67FEC1F60165D00DC5221 /* WBStatusToolBar.swift */ = {isa = PBXFileReference; fileEncoding = 4; lastKnownFileType = sourcecode.swift; path = WBStatusToolBar.swift; sourceTree = "<group>"; };
		2DB3893A1F49E1EE00088408 /* WBstutas.swift */ = {isa = PBXFileReference; fileEncoding = 4; lastKnownFileType = sourcecode.swift; path = WBstutas.swift; sourceTree = "<group>"; };
		2DB3893D1F49E9D300088408 /* WBstatuListViewModel.swift */ = {isa = PBXFileReference; fileEncoding = 4; lastKnownFileType = sourcecode.swift; path = WBstatuListViewModel.swift; sourceTree = "<group>"; };
		2DC31B821F60375D006032ED /* WBStatusPicture.swift */ = {isa = PBXFileReference; fileEncoding = 4; lastKnownFileType = sourcecode.swift; path = WBStatusPicture.swift; sourceTree = "<group>"; };
		2DC31B861F604A52006032ED /* WBPicture.swift */ = {isa = PBXFileReference; fileEncoding = 4; lastKnownFileType = sourcecode.swift; path = WBPicture.swift; sourceTree = "<group>"; };
		3F9A8A235567502CB2039D74 /* Pods_iOS__.framework */ = {isa = PBXFileReference; explicitFileType = wrapper.framework; includeInIndex = 0; path = Pods_iOS__.framework; sourceTree = BUILT_PRODUCTS_DIR; };
		4A423E274154E474BC14C5B6 /* Pods-iOS微博.debug.xcconfig */ = {isa = PBXFileReference; includeInIndex = 1; lastKnownFileType = text.xcconfig; name = "Pods-iOS微博.debug.xcconfig"; path = "Pods/Target Support Files/Pods-iOS微博/Pods-iOS微博.debug.xcconfig"; sourceTree = "<group>"; };
		89EB7C0B0B8C76927F8B95BB /* Pods-iOS微博.release.xcconfig */ = {isa = PBXFileReference; includeInIndex = 1; lastKnownFileType = text.xcconfig; name = "Pods-iOS微博.release.xcconfig"; path = "Pods/Target Support Files/Pods-iOS微博/Pods-iOS微博.release.xcconfig"; sourceTree = "<group>"; };
/* End PBXFileReference section */

/* Begin PBXFrameworksBuildPhase section */
		2D02BC841F3DAA820045AE7B /* Frameworks */ = {
			isa = PBXFrameworksBuildPhase;
			buildActionMask = 2147483647;
			files = (
				4B279808FAC47FDED39B3D7C /* Pods_iOS__.framework in Frameworks */,
			);
			runOnlyForDeploymentPostprocessing = 0;
		};
		2D02BC981F3DAA820045AE7B /* Frameworks */ = {
			isa = PBXFrameworksBuildPhase;
			buildActionMask = 2147483647;
			files = (
			);
			runOnlyForDeploymentPostprocessing = 0;
		};
		2D02BCA31F3DAA820045AE7B /* Frameworks */ = {
			isa = PBXFrameworksBuildPhase;
			buildActionMask = 2147483647;
			files = (
			);
			runOnlyForDeploymentPostprocessing = 0;
		};
/* End PBXFrameworksBuildPhase section */

/* Begin PBXGroup section */
		2D02BC7E1F3DAA820045AE7B = {
			isa = PBXGroup;
			children = (
				2D02BC891F3DAA820045AE7B /* iOS微博 */,
				2D02BC9E1F3DAA820045AE7B /* iOS微博Tests */,
				2D02BCA91F3DAA820045AE7B /* iOS微博UITests */,
				2D02BC881F3DAA820045AE7B /* Products */,
				2D4F697B1F408A01007A6869 /* tabbar_compose_button@2x.png */,
				2D4F697C1F408A01007A6869 /* tabbar_compose_button@3x.png */,
				79EB120EB8A032EC8A90145A /* Pods */,
				AB912B23C07233084FA1FC2C /* Frameworks */,
			);
			sourceTree = "<group>";
		};
		2D02BC881F3DAA820045AE7B /* Products */ = {
			isa = PBXGroup;
			children = (
				2D02BC871F3DAA820045AE7B /* iOS微博.app */,
				2D02BC9B1F3DAA820045AE7B /* iOS微博Tests.xctest */,
				2D02BCA61F3DAA820045AE7B /* iOS微博UITests.xctest */,
			);
			name = Products;
			sourceTree = "<group>";
		};
		2D02BC891F3DAA820045AE7B /* iOS微博 */ = {
			isa = PBXGroup;
			children = (
				2D02BCB81F3DB4810045AE7B /* Classes */,
				2D02BC8A1F3DAA820045AE7B /* AppDelegate.swift */,
				2D02BC911F3DAA820045AE7B /* Assets.xcassets */,
				2D02BC961F3DAA820045AE7B /* Info.plist */,
			);
			path = "iOS微博";
			sourceTree = "<group>";
		};
		2D02BC9E1F3DAA820045AE7B /* iOS微博Tests */ = {
			isa = PBXGroup;
			children = (
				2D02BC9F1F3DAA820045AE7B /* iOS__Tests.swift */,
				2D02BCA11F3DAA820045AE7B /* Info.plist */,
			);
			path = "iOS微博Tests";
			sourceTree = "<group>";
		};
		2D02BCA91F3DAA820045AE7B /* iOS微博UITests */ = {
			isa = PBXGroup;
			children = (
				2D02BCAA1F3DAA820045AE7B /* iOS__UITests.swift */,
				2D02BCAC1F3DAA820045AE7B /* Info.plist */,
			);
			path = "iOS微博UITests";
			sourceTree = "<group>";
		};
		2D02BCB81F3DB4810045AE7B /* Classes */ = {
			isa = PBXGroup;
			children = (
				2D02BCB91F3DB4810045AE7B /* Model */,
				2D02BCBB1F3DB4810045AE7B /* View */,
				2D02BCBA1F3DB4810045AE7B /* Tools */,
				2D02BCC11F3DB4810045AE7B /* ViewModel */,
			);
			path = Classes;
			sourceTree = "<group>";
		};
		2D02BCB91F3DB4810045AE7B /* Model */ = {
			isa = PBXGroup;
			children = (
				2DB3893A1F49E1EE00088408 /* WBstutas.swift */,
				2DC31B861F604A52006032ED /* WBPicture.swift */,
				2D9B774C1F5FB9A0007E2657 /* WBUser.swift */,
			);
			path = Model;
			sourceTree = "<group>";
		};
		2D02BCBA1F3DB4810045AE7B /* Tools */ = {
			isa = PBXGroup;
			children = (
				2D2AC3681F55607D00A3D60E /* WeiBoCommon.swift */,
				2D8B58221F45F6EB00E2371F /* Network */,
				2D4278211F3F6D180080A9F3 /* Extensions */,
			);
			path = Tools;
			sourceTree = "<group>";
		};
		2D02BCBB1F3DB4810045AE7B /* View */ = {
			isa = PBXGroup;
			children = (
				2D02BCBE1F3DB4810045AE7B /* Main */,
				2D02BCBD1F3DB4810045AE7B /* Home */,
				2D02BCBC1F3DB4810045AE7B /* Discover */,
				2D02BCBF1F3DB4810045AE7B /* Message */,
				2D02BCC01F3DB4810045AE7B /* Profile */,
			);
			path = View;
			sourceTree = "<group>";
		};
		2D02BCBC1F3DB4810045AE7B /* Discover */ = {
			isa = PBXGroup;
			children = (
				2D02BCCE1F3DB7900045AE7B /* WBDiscoverViewController.swift */,
			);
			path = Discover;
			sourceTree = "<group>";
		};
		2D02BCBD1F3DB4810045AE7B /* Home */ = {
			isa = PBXGroup;
			children = (
				2D23FE391F5EE35C00CD7922 /* StatuCell */,
				2D1450181F5E698400BF17F1 /* titlebutton */,
				2D02BCCA1F3DB7440045AE7B /* WBHomeViewController.swift */,
			);
			path = Home;
			sourceTree = "<group>";
		};
		2D02BCBE1F3DB4810045AE7B /* Main */ = {
			isa = PBXGroup;
			children = (
				2D2AC36A1F55640100A3D60E /* OAuth */,
				2D42FAE11F432253000E4239 /* VisitorView */,
				2D422A251F41A5D0004FA1A9 /* 测试 */,
				2D3D90331F42C962006DF262 /* 主控制器 */,
				2D02BCC81F3DB6D60045AE7B /* WBBaseViewController.swift */,
			);
			path = Main;
			sourceTree = "<group>";
		};
		2D02BCBF1F3DB4810045AE7B /* Message */ = {
			isa = PBXGroup;
			children = (
				2D02BCCC1F3DB77E0045AE7B /* WBMessageViewController.swift */,
			);
			path = Message;
			sourceTree = "<group>";
		};
		2D02BCC01F3DB4810045AE7B /* Profile */ = {
			isa = PBXGroup;
			children = (
				2D02BCD01F3DB7AA0045AE7B /* WBProfileViewController.swift */,
			);
			path = Profile;
			sourceTree = "<group>";
		};
		2D02BCC11F3DB4810045AE7B /* ViewModel */ = {
			isa = PBXGroup;
			children = (
				2DB3893D1F49E9D300088408 /* WBstatuListViewModel.swift */,
				2D9B774E1F5FBDF1007E2657 /* WBstatuViewModel.swift */,
			);
			path = ViewModel;
			sourceTree = "<group>";
		};
		2D1450181F5E698400BF17F1 /* titlebutton */ = {
			isa = PBXGroup;
			children = (
				2D1450191F5E69B500BF17F1 /* WBTiltebutton.swift */,
			);
			path = titlebutton;
			sourceTree = "<group>";
		};
		2D23FE391F5EE35C00CD7922 /* StatuCell */ = {
			isa = PBXGroup;
			children = (
				2D23FE3E1F5EE6D600CD7922 /* WBStatusCell.swift */,
				2D23FE401F5EE6E800CD7922 /* WBStatusCell.xib */,
				2DA67FEC1F60165D00DC5221 /* WBStatusToolBar.swift */,
				2DC31B821F60375D006032ED /* WBStatusPicture.swift */,
			);
			path = StatuCell;
			sourceTree = "<group>";
		};
		2D2868781F55C7AF005B17C2 /* NWModel */ = {
			isa = PBXGroup;
			children = (
				2D2868791F55C7EE005B17C2 /* WBUseracount.swift */,
			);
			path = NWModel;
			sourceTree = "<group>";
		};
		2D2AC36A1F55640100A3D60E /* OAuth */ = {
			isa = PBXGroup;
			children = (
				2D2AC36B1F55643E00A3D60E /* WBOAuthViewController.swift */,
			);
			path = OAuth;
			sourceTree = "<group>";
		};
		2D3D90331F42C962006DF262 /* 主控制器 */ = {
			isa = PBXGroup;
			children = (
				2D4437551F44AFA9008B5A8D /* myarray.json */,
				2D4437531F449C5D008B5A8D /* newarray.json */,
				2D4437511F449941008B5A8D /* locat.json */,
				2D02BCC21F3DB55E0045AE7B /* WBMainViewController.swift */,
				2D02BCC41F3DB5B30045AE7B /* WBNavigationController.swift */,
			);
			name = "主控制器";
			sourceTree = "<group>";
		};
		2D422A251F41A5D0004FA1A9 /* 测试 */ = {
			isa = PBXGroup;
			children = (
				2D422A261F41A630004FA1A9 /* WBDemoViewController.swift */,
			);
			path = "测试";
			sourceTree = "<group>";
		};
		2D4278211F3F6D180080A9F3 /* Extensions */ = {
			isa = PBXGroup;
			children = (
				2D4278221F3F6D8B0080A9F3 /* Bundle+Extensions.swift */,
				2D422A281F41D47F004FA1A9 /* UIBarButton+Extensions.swift */,
				2D42FAE41F432553000E4239 /* UIimage+UIButton+Extensions.swift */,
				2DA67FEA1F60065B00DC5221 /* UIImageView+webimage.swift */,
			);
			path = Extensions;
			sourceTree = "<group>";
		};
		2D42FAE11F432253000E4239 /* VisitorView */ = {
			isa = PBXGroup;
			children = (
				2D42FAE21F4322B7000E4239 /* WBVisitorVIew.swift */,
			);
			path = VisitorView;
			sourceTree = "<group>";
		};
		2D8B58221F45F6EB00E2371F /* Network */ = {
			isa = PBXGroup;
			children = (
				2D2868781F55C7AF005B17C2 /* NWModel */,
				2D8B58231F45F75000E2371F /* WBNetworkMenage.swift */,
				2D1B50DB1F47315F008C5362 /* WBNetworkMenage+Extensions.swift */,
			);
			path = Network;
			sourceTree = "<group>";
		};
		79EB120EB8A032EC8A90145A /* Pods */ = {
			isa = PBXGroup;
			children = (
				4A423E274154E474BC14C5B6 /* Pods-iOS微博.debug.xcconfig */,
				89EB7C0B0B8C76927F8B95BB /* Pods-iOS微博.release.xcconfig */,
			);
			name = Pods;
			sourceTree = "<group>";
		};
		AB912B23C07233084FA1FC2C /* Frameworks */ = {
			isa = PBXGroup;
			children = (
				3F9A8A235567502CB2039D74 /* Pods_iOS__.framework */,
			);
			name = Frameworks;
			sourceTree = "<group>";
		};
/* End PBXGroup section */

/* Begin PBXNativeTarget section */
		2D02BC861F3DAA820045AE7B /* iOS微博 */ = {
			isa = PBXNativeTarget;
			buildConfigurationList = 2D02BCAF1F3DAA820045AE7B /* Build configuration list for PBXNativeTarget "iOS微博" */;
			buildPhases = (
				F989C60CF5DC5D464EA99AE3 /* [CP] Check Pods Manifest.lock */,
				2D02BC831F3DAA820045AE7B /* Sources */,
				2D02BC841F3DAA820045AE7B /* Frameworks */,
				2D02BC851F3DAA820045AE7B /* Resources */,
				9EE735DB1B1F94E4EAD80AD6 /* [CP] Embed Pods Frameworks */,
				62BE6BB649882D2BABCE67E3 /* [CP] Copy Pods Resources */,
			);
			buildRules = (
			);
			dependencies = (
			);
			name = "iOS微博";
			productName = "iOS微博";
			productReference = 2D02BC871F3DAA820045AE7B /* iOS微博.app */;
			productType = "com.apple.product-type.application";
		};
		2D02BC9A1F3DAA820045AE7B /* iOS微博Tests */ = {
			isa = PBXNativeTarget;
			buildConfigurationList = 2D02BCB21F3DAA820045AE7B /* Build configuration list for PBXNativeTarget "iOS微博Tests" */;
			buildPhases = (
				2D02BC971F3DAA820045AE7B /* Sources */,
				2D02BC981F3DAA820045AE7B /* Frameworks */,
				2D02BC991F3DAA820045AE7B /* Resources */,
			);
			buildRules = (
			);
			dependencies = (
				2D02BC9D1F3DAA820045AE7B /* PBXTargetDependency */,
			);
			name = "iOS微博Tests";
			productName = "iOS微博Tests";
			productReference = 2D02BC9B1F3DAA820045AE7B /* iOS微博Tests.xctest */;
			productType = "com.apple.product-type.bundle.unit-test";
		};
		2D02BCA51F3DAA820045AE7B /* iOS微博UITests */ = {
			isa = PBXNativeTarget;
			buildConfigurationList = 2D02BCB51F3DAA820045AE7B /* Build configuration list for PBXNativeTarget "iOS微博UITests" */;
			buildPhases = (
				2D02BCA21F3DAA820045AE7B /* Sources */,
				2D02BCA31F3DAA820045AE7B /* Frameworks */,
				2D02BCA41F3DAA820045AE7B /* Resources */,
			);
			buildRules = (
			);
			dependencies = (
				2D02BCA81F3DAA820045AE7B /* PBXTargetDependency */,
			);
			name = "iOS微博UITests";
			productName = "iOS微博UITests";
			productReference = 2D02BCA61F3DAA820045AE7B /* iOS微博UITests.xctest */;
			productType = "com.apple.product-type.bundle.ui-testing";
		};
/* End PBXNativeTarget section */

/* Begin PBXProject section */
		2D02BC7F1F3DAA820045AE7B /* Project object */ = {
			isa = PBXProject;
			attributes = {
				CLASSPREFIX = WB;
				LastSwiftUpdateCheck = 0830;
				LastUpgradeCheck = 0830;
				ORGANIZATIONNAME = pirders;
				TargetAttributes = {
					2D02BC861F3DAA820045AE7B = {
						CreatedOnToolsVersion = 8.3.3;
						DevelopmentTeam = MH5QBV9URE;
						ProvisioningStyle = Automatic;
					};
					2D02BC9A1F3DAA820045AE7B = {
						CreatedOnToolsVersion = 8.3.3;
						ProvisioningStyle = Automatic;
						TestTargetID = 2D02BC861F3DAA820045AE7B;
					};
					2D02BCA51F3DAA820045AE7B = {
						CreatedOnToolsVersion = 8.3.3;
						ProvisioningStyle = Automatic;
						TestTargetID = 2D02BC861F3DAA820045AE7B;
					};
				};
			};
			buildConfigurationList = 2D02BC821F3DAA820045AE7B /* Build configuration list for PBXProject "iOS微博" */;
			compatibilityVersion = "Xcode 3.2";
			developmentRegion = English;
			hasScannedForEncodings = 0;
			knownRegions = (
				en,
				Base,
			);
			mainGroup = 2D02BC7E1F3DAA820045AE7B;
			productRefGroup = 2D02BC881F3DAA820045AE7B /* Products */;
			projectDirPath = "";
			projectRoot = "";
			targets = (
				2D02BC861F3DAA820045AE7B /* iOS微博 */,
				2D02BC9A1F3DAA820045AE7B /* iOS微博Tests */,
				2D02BCA51F3DAA820045AE7B /* iOS微博UITests */,
			);
		};
/* End PBXProject section */

/* Begin PBXResourcesBuildPhase section */
		2D02BC851F3DAA820045AE7B /* Resources */ = {
			isa = PBXResourcesBuildPhase;
			buildActionMask = 2147483647;
			files = (
				2D23FE411F5EE6E800CD7922 /* WBStatusCell.xib in Resources */,
				2D4437521F449941008B5A8D /* locat.json in Resources */,
				2D4437541F449C5D008B5A8D /* newarray.json in Resources */,
				2D4F697E1F408A01007A6869 /* tabbar_compose_button@3x.png in Resources */,
				2D02BC921F3DAA820045AE7B /* Assets.xcassets in Resources */,
				2D4F697D1F408A01007A6869 /* tabbar_compose_button@2x.png in Resources */,
				2D4437561F44AFA9008B5A8D /* myarray.json in Resources */,
			);
			runOnlyForDeploymentPostprocessing = 0;
		};
		2D02BC991F3DAA820045AE7B /* Resources */ = {
			isa = PBXResourcesBuildPhase;
			buildActionMask = 2147483647;
			files = (
			);
			runOnlyForDeploymentPostprocessing = 0;
		};
		2D02BCA41F3DAA820045AE7B /* Resources */ = {
			isa = PBXResourcesBuildPhase;
			buildActionMask = 2147483647;
			files = (
			);
			runOnlyForDeploymentPostprocessing = 0;
		};
/* End PBXResourcesBuildPhase section */

/* Begin PBXShellScriptBuildPhase section */
		62BE6BB649882D2BABCE67E3 /* [CP] Copy Pods Resources */ = {
			isa = PBXShellScriptBuildPhase;
			buildActionMask = 2147483647;
			files = (
			);
			inputPaths = (
			);
			name = "[CP] Copy Pods Resources";
			outputPaths = (
			);
			runOnlyForDeploymentPostprocessing = 0;
			shellPath = /bin/sh;
			shellScript = "\"${SRCROOT}/Pods/Target Support Files/Pods-iOS微博/Pods-iOS微博-resources.sh\"\n";
			showEnvVarsInLog = 0;
		};
		9EE735DB1B1F94E4EAD80AD6 /* [CP] Embed Pods Frameworks */ = {
			isa = PBXShellScriptBuildPhase;
			buildActionMask = 2147483647;
			files = (
			);
			inputPaths = (
				"${SRCROOT}/Pods/Target Support Files/Pods-iOS微博/Pods-iOS微博-frameworks.sh",
				"${BUILT_PRODUCTS_DIR}/AFNetworking/AFNetworking.framework",
				"${BUILT_PRODUCTS_DIR}/FMDB/FMDB.framework",
				"${BUILT_PRODUCTS_DIR}/SDWebImage/SDWebImage.framework",
				"${BUILT_PRODUCTS_DIR}/SVProgressHUD/SVProgressHUD.framework",
				"${BUILT_PRODUCTS_DIR}/YYModel/YYModel.framework",
				"${BUILT_PRODUCTS_DIR}/pop/pop.framework",
			);
			name = "[CP] Embed Pods Frameworks";
			outputPaths = (
				"${TARGET_BUILD_DIR}/${FRAMEWORKS_FOLDER_PATH}/AFNetworking.framework",
				"${TARGET_BUILD_DIR}/${FRAMEWORKS_FOLDER_PATH}/FMDB.framework",
				"${TARGET_BUILD_DIR}/${FRAMEWORKS_FOLDER_PATH}/SDWebImage.framework",
				"${TARGET_BUILD_DIR}/${FRAMEWORKS_FOLDER_PATH}/SVProgressHUD.framework",
				"${TARGET_BUILD_DIR}/${FRAMEWORKS_FOLDER_PATH}/YYModel.framework",
				"${TARGET_BUILD_DIR}/${FRAMEWORKS_FOLDER_PATH}/pop.framework",
			);
			runOnlyForDeploymentPostprocessing = 0;
			shellPath = /bin/sh;
			shellScript = "\"${SRCROOT}/Pods/Target Support Files/Pods-iOS微博/Pods-iOS微博-frameworks.sh\"\n";
			showEnvVarsInLog = 0;
		};
		F989C60CF5DC5D464EA99AE3 /* [CP] Check Pods Manifest.lock */ = {
			isa = PBXShellScriptBuildPhase;
			buildActionMask = 2147483647;
			files = (
			);
			inputPaths = (
				"${PODS_PODFILE_DIR_PATH}/Podfile.lock",
				"${PODS_ROOT}/Manifest.lock",
			);
			name = "[CP] Check Pods Manifest.lock";
			outputPaths = (
				"$(DERIVED_FILE_DIR)/Pods-iOS微博-checkManifestLockResult.txt",
			);
			runOnlyForDeploymentPostprocessing = 0;
			shellPath = /bin/sh;
			shellScript = "diff \"${PODS_PODFILE_DIR_PATH}/Podfile.lock\" \"${PODS_ROOT}/Manifest.lock\" > /dev/null\nif [ $? != 0 ] ; then\n    # print error to STDERR\n    echo \"error: The sandbox is not in sync with the Podfile.lock. Run 'pod install' or update your CocoaPods installation.\" >&2\n    exit 1\nfi\n# This output is used by Xcode 'outputs' to avoid re-running this script phase.\necho \"SUCCESS\" > \"${SCRIPT_OUTPUT_FILE_0}\"\n";
			showEnvVarsInLog = 0;
		};
/* End PBXShellScriptBuildPhase section */

/* Begin PBXSourcesBuildPhase section */
		2D02BC831F3DAA820045AE7B /* Sources */ = {
			isa = PBXSourcesBuildPhase;
			buildActionMask = 2147483647;
			files = (
				2D02BCC91F3DB6D60045AE7B /* WBBaseViewController.swift in Sources */,
				2D02BCD11F3DB7AA0045AE7B /* WBProfileViewController.swift in Sources */,
				2D14501A1F5E69B500BF17F1 /* WBTiltebutton.swift in Sources */,
				2D422A271F41A630004FA1A9 /* WBDemoViewController.swift in Sources */,
				2D02BCCF1F3DB7900045AE7B /* WBDiscoverViewController.swift in Sources */,
				2D1B50DC1F473160008C5362 /* WBNetworkMenage+Extensions.swift in Sources */,
				2D4278231F3F6D8B0080A9F3 /* Bundle+Extensions.swift in Sources */,
				2DC31B871F604A52006032ED /* WBPicture.swift in Sources */,
				2DB3893B1F49E1EE00088408 /* WBstutas.swift in Sources */,
				2DA67FED1F60165D00DC5221 /* WBStatusToolBar.swift in Sources */,
				2D2AC3691F55607D00A3D60E /* WeiBoCommon.swift in Sources */,
				2D422A291F41D47F004FA1A9 /* UIBarButton+Extensions.swift in Sources */,
				2D42FAE31F4322B7000E4239 /* WBVisitorVIew.swift in Sources */,
				2D02BCC31F3DB55E0045AE7B /* WBMainViewController.swift in Sources */,
				2D23FE3F1F5EE6D600CD7922 /* WBStatusCell.swift in Sources */,
				2D28687A1F55C7EE005B17C2 /* WBUseracount.swift in Sources */,
				2DB3893E1F49E9D300088408 /* WBstatuListViewModel.swift in Sources */,
				2D02BCCB1F3DB7440045AE7B /* WBHomeViewController.swift in Sources */,
				2D42FAE51F432553000E4239 /* UIimage+UIButton+Extensions.swift in Sources */,
				2D02BC8B1F3DAA820045AE7B /* AppDelegate.swift in Sources */,
				2D02BCC51F3DB5B30045AE7B /* WBNavigationController.swift in Sources */,
				2DC31B831F60375D006032ED /* WBStatusPicture.swift in Sources */,
				2D8B58241F45F75000E2371F /* WBNetworkMenage.swift in Sources */,
				2D9B774D1F5FB9A0007E2657 /* WBUser.swift in Sources */,
				2D02BCCD1F3DB77E0045AE7B /* WBMessageViewController.swift in Sources */,
				2DA67FEB1F60065B00DC5221 /* UIImageView+webimage.swift in Sources */,
				2D2AC36C1F55643E00A3D60E /* WBOAuthViewController.swift in Sources */,
				2D9B774F1F5FBDF1007E2657 /* WBstatuViewModel.swift in Sources */,
			);
			runOnlyForDeploymentPostprocessing = 0;
		};
		2D02BC971F3DAA820045AE7B /* Sources */ = {
			isa = PBXSourcesBuildPhase;
			buildActionMask = 2147483647;
			files = (
				2D02BCA01F3DAA820045AE7B /* iOS__Tests.swift in Sources */,
			);
			runOnlyForDeploymentPostprocessing = 0;
		};
		2D02BCA21F3DAA820045AE7B /* Sources */ = {
			isa = PBXSourcesBuildPhase;
			buildActionMask = 2147483647;
			files = (
				2D02BCAB1F3DAA820045AE7B /* iOS__UITests.swift in Sources */,
			);
			runOnlyForDeploymentPostprocessing = 0;
		};
/* End PBXSourcesBuildPhase section */

/* Begin PBXTargetDependency section */
		2D02BC9D1F3DAA820045AE7B /* PBXTargetDependency */ = {
			isa = PBXTargetDependency;
			target = 2D02BC861F3DAA820045AE7B /* iOS微博 */;
			targetProxy = 2D02BC9C1F3DAA820045AE7B /* PBXContainerItemProxy */;
		};
		2D02BCA81F3DAA820045AE7B /* PBXTargetDependency */ = {
			isa = PBXTargetDependency;
			target = 2D02BC861F3DAA820045AE7B /* iOS微博 */;
			targetProxy = 2D02BCA71F3DAA820045AE7B /* PBXContainerItemProxy */;
		};
/* End PBXTargetDependency section */

/* Begin XCBuildConfiguration section */
		2D02BCAD1F3DAA820045AE7B /* Debug */ = {
			isa = XCBuildConfiguration;
			buildSettings = {
				ALWAYS_SEARCH_USER_PATHS = NO;
				CLANG_ANALYZER_NONNULL = YES;
				CLANG_ANALYZER_NUMBER_OBJECT_CONVERSION = YES_AGGRESSIVE;
				CLANG_CXX_LANGUAGE_STANDARD = "gnu++0x";
				CLANG_CXX_LIBRARY = "libc++";
				CLANG_ENABLE_MODULES = YES;
				CLANG_ENABLE_OBJC_ARC = YES;
				CLANG_WARN_BOOL_CONVERSION = YES;
				CLANG_WARN_CONSTANT_CONVERSION = YES;
				CLANG_WARN_DIRECT_OBJC_ISA_USAGE = YES_ERROR;
				CLANG_WARN_DOCUMENTATION_COMMENTS = YES;
				CLANG_WARN_EMPTY_BODY = YES;
				CLANG_WARN_ENUM_CONVERSION = YES;
				CLANG_WARN_INFINITE_RECURSION = YES;
				CLANG_WARN_INT_CONVERSION = YES;
				CLANG_WARN_OBJC_ROOT_CLASS = YES_ERROR;
				CLANG_WARN_SUSPICIOUS_MOVE = YES;
				CLANG_WARN_UNREACHABLE_CODE = YES;
				CLANG_WARN__DUPLICATE_METHOD_MATCH = YES;
				"CODE_SIGN_IDENTITY[sdk=iphoneos*]" = "iPhone Developer";
				COPY_PHASE_STRIP = NO;
				DEBUG_INFORMATION_FORMAT = dwarf;
				ENABLE_STRICT_OBJC_MSGSEND = YES;
				ENABLE_TESTABILITY = YES;
				GCC_C_LANGUAGE_STANDARD = gnu99;
				GCC_DYNAMIC_NO_PIC = NO;
				GCC_NO_COMMON_BLOCKS = YES;
				GCC_OPTIMIZATION_LEVEL = 0;
				GCC_PREPROCESSOR_DEFINITIONS = (
					"DEBUG=1",
					"$(inherited)",
				);
				GCC_WARN_64_TO_32_BIT_CONVERSION = YES;
				GCC_WARN_ABOUT_RETURN_TYPE = YES_ERROR;
				GCC_WARN_UNDECLARED_SELECTOR = YES;
				GCC_WARN_UNINITIALIZED_AUTOS = YES_AGGRESSIVE;
				GCC_WARN_UNUSED_FUNCTION = YES;
				GCC_WARN_UNUSED_VARIABLE = YES;
				IPHONEOS_DEPLOYMENT_TARGET = 10.3;
				MTL_ENABLE_DEBUG_INFO = YES;
				ONLY_ACTIVE_ARCH = YES;
				SDKROOT = iphoneos;
				SWIFT_ACTIVE_COMPILATION_CONDITIONS = DEBUG;
				SWIFT_OPTIMIZATION_LEVEL = "-Onone";
				TARGETED_DEVICE_FAMILY = "1,2";
			};
			name = Debug;
		};
		2D02BCAE1F3DAA820045AE7B /* Release */ = {
			isa = XCBuildConfiguration;
			buildSettings = {
				ALWAYS_SEARCH_USER_PATHS = NO;
				CLANG_ANALYZER_NONNULL = YES;
				CLANG_ANALYZER_NUMBER_OBJECT_CONVERSION = YES_AGGRESSIVE;
				CLANG_CXX_LANGUAGE_STANDARD = "gnu++0x";
				CLANG_CXX_LIBRARY = "libc++";
				CLANG_ENABLE_MODULES = YES;
				CLANG_ENABLE_OBJC_ARC = YES;
				CLANG_WARN_BOOL_CONVERSION = YES;
				CLANG_WARN_CONSTANT_CONVERSION = YES;
				CLANG_WARN_DIRECT_OBJC_ISA_USAGE = YES_ERROR;
				CLANG_WARN_DOCUMENTATION_COMMENTS = YES;
				CLANG_WARN_EMPTY_BODY = YES;
				CLANG_WARN_ENUM_CONVERSION = YES;
				CLANG_WARN_INFINITE_RECURSION = YES;
				CLANG_WARN_INT_CONVERSION = YES;
				CLANG_WARN_OBJC_ROOT_CLASS = YES_ERROR;
				CLANG_WARN_SUSPICIOUS_MOVE = YES;
				CLANG_WARN_UNREACHABLE_CODE = YES;
				CLANG_WARN__DUPLICATE_METHOD_MATCH = YES;
				"CODE_SIGN_IDENTITY[sdk=iphoneos*]" = "iPhone Developer";
				COPY_PHASE_STRIP = NO;
				DEBUG_INFORMATION_FORMAT = "dwarf-with-dsym";
				ENABLE_NS_ASSERTIONS = NO;
				ENABLE_STRICT_OBJC_MSGSEND = YES;
				GCC_C_LANGUAGE_STANDARD = gnu99;
				GCC_NO_COMMON_BLOCKS = YES;
				GCC_WARN_64_TO_32_BIT_CONVERSION = YES;
				GCC_WARN_ABOUT_RETURN_TYPE = YES_ERROR;
				GCC_WARN_UNDECLARED_SELECTOR = YES;
				GCC_WARN_UNINITIALIZED_AUTOS = YES_AGGRESSIVE;
				GCC_WARN_UNUSED_FUNCTION = YES;
				GCC_WARN_UNUSED_VARIABLE = YES;
				IPHONEOS_DEPLOYMENT_TARGET = 10.3;
				MTL_ENABLE_DEBUG_INFO = NO;
				SDKROOT = iphoneos;
				SWIFT_OPTIMIZATION_LEVEL = "-Owholemodule";
				TARGETED_DEVICE_FAMILY = "1,2";
				VALIDATE_PRODUCT = YES;
			};
			name = Release;
		};
		2D02BCB01F3DAA820045AE7B /* Debug */ = {
			isa = XCBuildConfiguration;
			baseConfigurationReference = 4A423E274154E474BC14C5B6 /* Pods-iOS微博.debug.xcconfig */;
			buildSettings = {
				ASSETCATALOG_COMPILER_APPICON_NAME = AppIcon;
				ASSETCATALOG_COMPILER_LAUNCHIMAGE_NAME = LaunchImage;
				DEVELOPMENT_TEAM = MH5QBV9URE;
				INFOPLIST_FILE = "iOS微博/Info.plist";
				IPHONEOS_DEPLOYMENT_TARGET = 8.0;
				LD_RUNPATH_SEARCH_PATHS = "$(inherited) @executable_path/Frameworks";
				PRODUCT_BUNDLE_IDENTIFIER = "weibo.iOS--";
				PRODUCT_NAME = "$(TARGET_NAME)";
				SWIFT_VERSION = 3.0;
			};
			name = Debug;
		};
		2D02BCB11F3DAA820045AE7B /* Release */ = {
			isa = XCBuildConfiguration;
			baseConfigurationReference = 89EB7C0B0B8C76927F8B95BB /* Pods-iOS微博.release.xcconfig */;
			buildSettings = {
				ASSETCATALOG_COMPILER_APPICON_NAME = AppIcon;
				ASSETCATALOG_COMPILER_LAUNCHIMAGE_NAME = LaunchImage;
				DEVELOPMENT_TEAM = MH5QBV9URE;
				INFOPLIST_FILE = "iOS微博/Info.plist";
				IPHONEOS_DEPLOYMENT_TARGET = 8.0;
				LD_RUNPATH_SEARCH_PATHS = "$(inherited) @executable_path/Frameworks";
				PRODUCT_BUNDLE_IDENTIFIER = "weibo.iOS--";
				PRODUCT_NAME = "$(TARGET_NAME)";
				SWIFT_VERSION = 3.0;
			};
			name = Release;
		};
		2D02BCB31F3DAA820045AE7B /* Debug */ = {
			isa = XCBuildConfiguration;
			buildSettings = {
				ALWAYS_EMBED_SWIFT_STANDARD_LIBRARIES = YES;
				BUNDLE_LOADER = "$(TEST_HOST)";
				INFOPLIST_FILE = "iOS微博Tests/Info.plist";
				LD_RUNPATH_SEARCH_PATHS = "$(inherited) @executable_path/Frameworks @loader_path/Frameworks";
				PRODUCT_BUNDLE_IDENTIFIER = "weibo.iOS--Tests";
				PRODUCT_NAME = "$(TARGET_NAME)";
				SWIFT_VERSION = 3.0;
				TEST_HOST = "$(BUILT_PRODUCTS_DIR)/iOS微博.app/iOS微博";
			};
			name = Debug;
		};
		2D02BCB41F3DAA820045AE7B /* Release */ = {
			isa = XCBuildConfiguration;
			buildSettings = {
				ALWAYS_EMBED_SWIFT_STANDARD_LIBRARIES = YES;
				BUNDLE_LOADER = "$(TEST_HOST)";
				INFOPLIST_FILE = "iOS微博Tests/Info.plist";
				LD_RUNPATH_SEARCH_PATHS = "$(inherited) @executable_path/Frameworks @loader_path/Frameworks";
				PRODUCT_BUNDLE_IDENTIFIER = "weibo.iOS--Tests";
				PRODUCT_NAME = "$(TARGET_NAME)";
				SWIFT_VERSION = 3.0;
				TEST_HOST = "$(BUILT_PRODUCTS_DIR)/iOS微博.app/iOS微博";
			};
			name = Release;
		};
		2D02BCB61F3DAA820045AE7B /* Debug */ = {
			isa = XCBuildConfiguration;
			buildSettings = {
				ALWAYS_EMBED_SWIFT_STANDARD_LIBRARIES = YES;
				INFOPLIST_FILE = "iOS微博UITests/Info.plist";
				LD_RUNPATH_SEARCH_PATHS = "$(inherited) @executable_path/Frameworks @loader_path/Frameworks";
				PRODUCT_BUNDLE_IDENTIFIER = "weibo.iOS--UITests";
				PRODUCT_NAME = "$(TARGET_NAME)";
				SWIFT_VERSION = 3.0;
				TEST_TARGET_NAME = "iOS微博";
			};
			name = Debug;
		};
		2D02BCB71F3DAA820045AE7B /* Release */ = {
			isa = XCBuildConfiguration;
			buildSettings = {
				ALWAYS_EMBED_SWIFT_STANDARD_LIBRARIES = YES;
				INFOPLIST_FILE = "iOS微博UITests/Info.plist";
				LD_RUNPATH_SEARCH_PATHS = "$(inherited) @executable_path/Frameworks @loader_path/Frameworks";
				PRODUCT_BUNDLE_IDENTIFIER = "weibo.iOS--UITests";
				PRODUCT_NAME = "$(TARGET_NAME)";
				SWIFT_VERSION = 3.0;
				TEST_TARGET_NAME = "iOS微博";
			};
			name = Release;
		};
/* End XCBuildConfiguration section */

/* Begin XCConfigurationList section */
		2D02BC821F3DAA820045AE7B /* Build configuration list for PBXProject "iOS微博" */ = {
			isa = XCConfigurationList;
			buildConfigurations = (
				2D02BCAD1F3DAA820045AE7B /* Debug */,
				2D02BCAE1F3DAA820045AE7B /* Release */,
			);
			defaultConfigurationIsVisible = 0;
			defaultConfigurationName = Release;
		};
		2D02BCAF1F3DAA820045AE7B /* Build configuration list for PBXNativeTarget "iOS微博" */ = {
			isa = XCConfigurationList;
			buildConfigurations = (
				2D02BCB01F3DAA820045AE7B /* Debug */,
				2D02BCB11F3DAA820045AE7B /* Release */,
			);
			defaultConfigurationIsVisible = 0;
			defaultConfigurationName = Release;
		};
		2D02BCB21F3DAA820045AE7B /* Build configuration list for PBXNativeTarget "iOS微博Tests" */ = {
			isa = XCConfigurationList;
			buildConfigurations = (
				2D02BCB31F3DAA820045AE7B /* Debug */,
				2D02BCB41F3DAA820045AE7B /* Release */,
			);
			defaultConfigurationIsVisible = 0;
			defaultConfigurationName = Release;
		};
		2D02BCB51F3DAA820045AE7B /* Build configuration list for PBXNativeTarget "iOS微博UITests" */ = {
			isa = XCConfigurationList;
			buildConfigurations = (
				2D02BCB61F3DAA820045AE7B /* Debug */,
				2D02BCB71F3DAA820045AE7B /* Release */,
			);
			defaultConfigurationIsVisible = 0;
			defaultConfigurationName = Release;
		};
/* End XCConfigurationList section */
	};
	rootObject = 2D02BC7F1F3DAA820045AE7B /* Project object */;
}
